<?xml version="1.0" encoding="utf-8"?>
<Project ToolsVersion="4.0" xmlns="http://schemas.microsoft.com/developer/msbuild/2003">
  <ItemGroup>
    <Filter Include="Source Files">
      <UniqueIdentifier>{4FC737F1-C7A5-4376-A066-2A32D752A2FF}</UniqueIdentifier>
      <Extensions>cpp;c;cc;cxx;c++;cppm;ixx;def;odl;idl;hpj;bat;asm;asmx</Extensions>
    </Filter>
    <Filter Include="Dependencies">
      <UniqueIdentifier>{862fa763-be8d-4918-bdef-3a417dd5eff1}</UniqueIdentifier>
    </Filter>
    <Filter Include="Assets">
      <UniqueIdentifier>{f3426fc3-b784-42ff-bb77-b48fb4f13391}</UniqueIdentifier>
    </Filter>
    <Filter Include="Assets\Shaders">
      <UniqueIdentifier>{6f944dc9-62ed-4c1e-b6e7-7d551a8d6f10}</UniqueIdentifier>
    </Filter>
    <Filter Include="Renderer">
      <UniqueIdentifier>{4d61f419-1c9b-4c99-bd08-0545ecc47cbf}</UniqueIdentifier>
    </Filter>
  </ItemGroup>
  <ItemGroup>
    <ClCompile Include="Main.cpp">
      <Filter>Source Files</Filter>
    </ClCompile>
    <ClCompile Include="Dependencies\GLAD\src\glad.c">
      <Filter>Source Files</Filter>
    </ClCompile>
    <ClCompile Include="Renderer\Shader.cpp">
      <Filter>Renderer</Filter>
    </ClCompile>
    <ClCompile Include="Renderer\Renderer.cpp">
      <Filter>Renderer</Filter>
    </ClCompile>
  </ItemGroup>
  <ItemGroup>
    <ClInclude Include="Dependencies\GLAD\include\glad\glad.h">
      <Filter>Dependencies</Filter>
    </ClInclude>
    <ClInclude Include="Dependencies\GLFW\include\GLFW\glfw3.h">
      <Filter>Dependencies</Filter>
    </ClInclude>
    <ClInclude Include="Dependencies\GLFW\include\GLFW\glfw3native.h">
      <Filter>Dependencies</Filter>
    </ClInclude>
    <ClInclude Include="Dependencies\GLAD\include\KHR\khrplatform.h">
      <Filter>Dependencies</Filter>
    </ClInclude>
    <ClInclude Include="CelesteLib.h">
      <Filter>Source Files</Filter>
    </ClInclude>
    <ClInclude Include="Memory.h">
      <Filter>Source Files</Filter>
    </ClInclude>
    <ClInclude Include="Renderer\Shader.h">
      <Filter>Renderer</Filter>
    </ClInclude>
    <ClInclude Include="Renderer\Renderer.h">
      <Filter>Renderer</Filter>
    </ClInclude>
  </ItemGroup>
  <ItemGroup>
    <None Include="Assets\Shaders\quad.frag">
      <Filter>Assets\Shaders</Filter>
    </None>
    <None Include="Assets\Shaders\quad.vert">
      <Filter>Assets\Shaders</Filter>
    </None>
  </ItemGroup>
</Project>